# This file is automatically @generated by Cargo.
# It is not intended for manual editing.
version = 4

[[package]]
name = "fsm-cli"
version = "0.0.0"
dependencies = [
 "fsm-core",
 "fsm-store",
]

[[package]]
name = "fsm-core"
version = "0.0.0"

[[package]]
name = "fsm-embed-acceptance"
version = "0.0.0"
dependencies = [
 "fsm-core",
]

[[package]]
name = "fsm-store"
version = "0.0.0"
dependencies = [
 "fsm-core",
]
